dependencies:
- name: mysql
  repository: file://charts/mysql
  version: 0.1.0
- name: redis
  repository: file://charts/redis
  version: 0.1.0
- name: mongodb
  repository: file://charts/mongodb
  version: 0.1.0
- name: kafka
  repository: file://charts/kafka
  version: 0.1.0
- name: consul
  repository: file://charts/consul
  version: 0.1.0
- name: jaeger
  repository: file://charts/jaeger
  version: 0.1.0
- name: catalog
  repository: file://charts/catalog
  version: 0.1.0
- name: user
  repository: file://charts/user
  version: 0.1.0
- name: payment
  repository: file://charts/payment
  version: 0.1.0
- name: order
  repository: file://charts/order
  version: 0.1.0
- name: shipping
  repository: file://charts/shipping
  version: 0.1.0
- name: courier
  repository: file://charts/courier
  version: 0.1.0
- name: cart
  repository: file://charts/cart
  version: 0.1.0
- name: shop-interface
  repository: file://charts/shop-interface
  version: 0.1.0
- name: shop-admin
  repository: file://charts/shop-admin
  version: 0.1.0
- name: web-shop
  repository: file://charts/web-shop
  version: 0.1.0
- name: web-admin
  repository: file://charts/web-admin
  version: 0.1.0
digest: sha256:a424caa78177bc76f00b9d1065aa0a3747b255001c65b264437c126e696c3905
generated: "2026-08-03T15:50:10.050234467Z"
